
Microsoft Visual Studio Solution File, Format Version 12.00
# Visual Studio 15
VisualStudioVersion = 15.0.26730.3
MinimumVisualStudioVersion = 10.0.40219.1
Project("{FAE04EC0-301F-11D3-BF4B-00C04F79EFBC}") = "XamarinCalculator.Android", "XamarinCalculator\XamarinCalculator.Android\XamarinCalculator.Android.csproj", "{B23E830C-7320-4A03-9594-1062F68E5F82}"
EndProject
Project("{FAE04EC0-301F-11D3-BF4B-00C04F79EFBC}") = "XamarinCalculator.iOS", "XamarinCalculator\XamarinCalculator.iOS\XamarinCalculator.iOS.csproj", "{B32A62BA-5B02-44F5-8E44-368E7EF45257}"
EndProject
Project("{FAE04EC0-301F-11D3-BF4B-00C04F79EFBC}") = "XamarinCalculator", "XamarinCalculator\XamarinCalculator\XamarinCalculator.csproj", "{7BCCAD11-5B16-47FF-854F-9BFE46608812}"
EndProject
Project("{FAE04EC0-301F-11D3-BF4B-00C04F79EFBC}") = "XamarinCalculatorTests", "XamarinCalculatorTests\XamarinCalculatorTests.csproj", "{90A8887C-8B25-46E8-89E4-2889E21901EF}"
EndProject
Global
	GlobalSection(SolutionConfigurationPlatforms) = preSolution
		Debug|Any CPU = Debug|Any CPU
		Debug|iPhone = Debug|iPhone
		Debug|iPhoneSimulator = Debug|iPhoneSimulator
		Release|Any CPU = Release|Any CPU
		Release|iPhone = Release|iPhone
		Release|iPhoneSimulator = Release|iPhoneSimulator
	EndGlobalSection
	GlobalSection(ProjectConfigurationPlatforms) = postSolution
		{B23E830C-7320-4A03-9594-1062F68E5F82}.Debug|Any CPU.ActiveCfg = Debug|Any CPU
		{B23E830C-7320-4A03-9594-1062F68E5F82}.Debug|Any CPU.Build.0 = Debug|Any CPU
		{B23E830C-7320-4A03-9594-1062F68E5F82}.Debug|Any CPU.Deploy.0 = Debug|Any CPU
		{B23E830C-7320-4A03-9594-1062F68E5F82}.Debug|iPhone.ActiveCfg = Debug|Any CPU
		{B23E830C-7320-4A03-9594-1062F68E5F82}.Debug|iPhone.Build.0 = Debug|Any CPU
		{B23E830C-7320-4A03-9594-1062F68E5F82}.Debug|iPhone.Deploy.0 = Debug|Any CPU
		{B23E830C-7320-4A03-9594-1062F68E5F82}.Debug|iPhoneSimulator.ActiveCfg = Debug|Any CPU
		{B23E830C-7320-4A03-9594-1062F68E5F82}.Debug|iPhoneSimulator.Build.0 = Debug|Any CPU
		{B23E830C-7320-4A03-9594-1062F68E5F82}.Debug|iPhoneSimulator.Deploy.0 = Debug|Any CPU
		{B23E830C-7320-4A03-9594-1062F68E5F82}.Release|Any CPU.ActiveCfg = Release|Any CPU
		{B23E830C-7320-4A03-9594-1062F68E5F82}.Release|Any CPU.Build.0 = Release|Any CPU
		{B23E830C-7320-4A03-9594-1062F68E5F82}.Release|Any CPU.Deploy.0 = Release|Any CPU
		{B23E830C-7320-4A03-9594-1062F68E5F82}.Release|iPhone.ActiveCfg = Release|Any CPU
		{B23E830C-7320-4A03-9594-1062F68E5F82}.Release|iPhone.Build.0 = Release|Any CPU
		{B23E830C-7320-4A03-9594-1062F68E5F82}.Release|iPhone.Deploy.0 = Release|Any CPU
		{B23E830C-7320-4A03-9594-1062F68E5F82}.Release|iPhoneSimulator.ActiveCfg = Release|Any CPU
		{B23E830C-7320-4A03-9594-1062F68E5F82}.Release|iPhoneSimulator.Build.0 = Release|Any CPU
		{B23E830C-7320-4A03-9594-1062F68E5F82}.Release|iPhoneSimulator.Deploy.0 = Release|Any CPU
		{B32A62BA-5B02-44F5-8E44-368E7EF45257}.Debug|Any CPU.ActiveCfg = Debug|iPhone
		{B32A62BA-5B02-44F5-8E44-368E7EF45257}.Debug|iPhone.ActiveCfg = Debug|iPhone
		{B32A62BA-5B02-44F5-8E44-368E7EF45257}.Debug|iPhone.Build.0 = Debug|iPhone
		{B32A62BA-5B02-44F5-8E44-368E7EF45257}.Debug|iPhoneSimulator.ActiveCfg = Debug|iPhoneSimulator
		{B32A62BA-5B02-44F5-8E44-368E7EF45257}.Debug|iPhoneSimulator.Build.0 = Debug|iPhoneSimulator
		{B32A62BA-5B02-44F5-8E44-368E7EF45257}.Release|Any CPU.ActiveCfg = Release|iPhone
		{B32A62BA-5B02-44F5-8E44-368E7EF45257}.Release|iPhone.ActiveCfg = Release|iPhone
		{B32A62BA-5B02-44F5-8E44-368E7EF45257}.Release|iPhone.Build.0 = Release|iPhone
		{B32A62BA-5B02-44F5-8E44-368E7EF45257}.Release|iPhoneSimulator.ActiveCfg = Release|iPhoneSimulator
		{B32A62BA-5B02-44F5-8E44-368E7EF45257}.Release|iPhoneSimulator.Build.0 = Release|iPhoneSimulator
		{7BCCAD11-5B16-47FF-854F-9BFE46608812}.Debug|Any CPU.ActiveCfg = Debug|Any CPU
		{7BCCAD11-5B16-47FF-854F-9BFE46608812}.Debug|Any CPU.Build.0 = Debug|Any CPU
		{7BCCAD11-5B16-47FF-854F-9BFE46608812}.Debug|iPhone.ActiveCfg = Debug|Any CPU
		{7BCCAD11-5B16-47FF-854F-9BFE46608812}.Debug|iPhone.Build.0 = Debug|Any CPU
		{7BCCAD11-5B16-47FF-854F-9BFE46608812}.Debug|iPhoneSimulator.ActiveCfg = Debug|Any CPU
		{7BCCAD11-5B16-47FF-854F-9BFE46608812}.Debug|iPhoneSimulator.Build.0 = Debug|Any CPU
		{7BCCAD11-5B16-47FF-854F-9BFE46608812}.Release|Any CPU.ActiveCfg = Release|Any CPU
		{7BCCAD11-5B16-47FF-854F-9BFE46608812}.Release|Any CPU.Build.0 = Release|Any CPU
		{7BCCAD11-5B16-47FF-854F-9BFE46608812}.Release|iPhone.ActiveCfg = Release|Any CPU
		{7BCCAD11-5B16-47FF-854F-9BFE46608812}.Release|iPhone.Build.0 = Release|Any CPU
		{7BCCAD11-5B16-47FF-854F-9BFE46608812}.Release|iPhoneSimulator.ActiveCfg = Release|Any CPU
		{7BCCAD11-5B16-47FF-854F-9BFE46608812}.Release|iPhoneSimulator.Build.0 = Release|Any CPU
		{90A8887C-8B25-46E8-89E4-2889E21901EF}.Debug|Any CPU.ActiveCfg = Debug|Any CPU
		{90A8887C-8B25-46E8-89E4-2889E21901EF}.Debug|Any CPU.Build.0 = Debug|Any CPU
		{90A8887C-8B25-46E8-89E4-2889E21901EF}.Debug|iPhone.ActiveCfg = Debug|Any CPU
		{90A8887C-8B25-46E8-89E4-2889E21901EF}.Debug|iPhone.Build.0 = Debug|Any CPU
		{90A8887C-8B25-46E8-89E4-2889E21901EF}.Debug|iPhoneSimulator.ActiveCfg = Debug|Any CPU
		{90A8887C-8B25-46E8-89E4-2889E21901EF}.Debug|iPhoneSimulator.Build.0 = Debug|Any CPU
		{90A8887C-8B25-46E8-89E4-2889E21901EF}.Release|Any CPU.ActiveCfg = Release|Any CPU
		{90A8887C-8B25-46E8-89E4-2889E21901EF}.Release|Any CPU.Build.0 = Release|Any CPU
		{90A8887C-8B25-46E8-89E4-2889E21901EF}.Release|iPhone.ActiveCfg = Release|Any CPU
		{90A8887C-8B25-46E8-89E4-2889E21901EF}.Release|iPhone.Build.0 = Release|Any CPU
		{90A8887C-8B25-46E8-89E4-2889E21901EF}.Release|iPhoneSimulator.ActiveCfg = Release|Any CPU
		{90A8887C-8B25-46E8-89E4-2889E21901EF}.Release|iPhoneSimulator.Build.0 = Release|Any CPU
	EndGlobalSection
	GlobalSection(SolutionProperties) = preSolution
		HideSolutionNode = FALSE
	EndGlobalSection
	GlobalSection(ExtensibilityGlobals) = postSolution
		SolutionGuid = {29825B31-D320-4C72-B245-415E224D325C}
	EndGlobalSection
EndGlobal
